
Microsoft Visual Studio Solution File, Format Version 12.00
# Visual Studio 15
VisualStudioVersion = 15.0.27428.2015
MinimumVisualStudioVersion = 10.0.40219.1
Project("{9A19103F-16F7-4668-BE54-9A1E7A4F7556}") = "NavaraAPI", "NavaraAPI\NavaraAPI.csproj", "{4207F5A8-29E0-4087-9C92-6561A8FEA4C8}"
EndProject
Project("{FAE04EC0-301F-11D3-BF4B-00C04F79EFBC}") = "OmniAPI", "OmniAPI\OmniAPI.csproj", "{AAD23A09-1DD3-4509-AB56-D5CC627226D9}"
EndProject
Project("{9A19103F-16F7-4668-BE54-9A1E7A4F7556}") = "SmartlifeLtd", "..\..\SmartlifeLtdWeb\SmartLifeLtdWeb\SmartlifeSolutionsWeb\SmartlifeLtd.csproj", "{2748F096-F490-4AD8-8417-7F9580B9DE0A}"
EndProject
Global
	GlobalSection(SolutionConfigurationPlatforms) = preSolution
		Debug|Any CPU = Debug|Any CPU
		Release|Any CPU = Release|Any CPU
	EndGlobalSection
	GlobalSection(ProjectConfigurationPlatforms) = postSolution
		{4207F5A8-29E0-4087-9C92-6561A8FEA4C8}.Debug|Any CPU.ActiveCfg = Debug|Any CPU
		{4207F5A8-29E0-4087-9C92-6561A8FEA4C8}.Debug|Any CPU.Build.0 = Debug|Any CPU
		{4207F5A8-29E0-4087-9C92-6561A8FEA4C8}.Release|Any CPU.ActiveCfg = Release|Any CPU
		{4207F5A8-29E0-4087-9C92-6561A8FEA4C8}.Release|Any CPU.Build.0 = Release|Any CPU
		{AAD23A09-1DD3-4509-AB56-D5CC627226D9}.Debug|Any CPU.ActiveCfg = Debug|Any CPU
		{AAD23A09-1DD3-4509-AB56-D5CC627226D9}.Debug|Any CPU.Build.0 = Debug|Any CPU
		{AAD23A09-1DD3-4509-AB56-D5CC627226D9}.Release|Any CPU.ActiveCfg = Release|Any CPU
		{AAD23A09-1DD3-4509-AB56-D5CC627226D9}.Release|Any CPU.Build.0 = Release|Any CPU
		{2748F096-F490-4AD8-8417-7F9580B9DE0A}.Debug|Any CPU.ActiveCfg = Debug|Any CPU
		{2748F096-F490-4AD8-8417-7F9580B9DE0A}.Debug|Any CPU.Build.0 = Debug|Any CPU
		{2748F096-F490-4AD8-8417-7F9580B9DE0A}.Release|Any CPU.ActiveCfg = Release|Any CPU
		{2748F096-F490-4AD8-8417-7F9580B9DE0A}.Release|Any CPU.Build.0 = Release|Any CPU
	EndGlobalSection
	GlobalSection(SolutionProperties) = preSolution
		HideSolutionNode = FALSE
	EndGlobalSection
	GlobalSection(ExtensibilityGlobals) = postSolution
		SolutionGuid = {CB87CA92-A7FC-4F4A-8CF5-DBAE7A198750}
	EndGlobalSection
EndGlobal
